
Microsoft Visual Studio Solution File, Format Version 12.00
# Visual Studio Version 17
VisualStudioVersion = 17.2.32516.85
MinimumVisualStudioVersion = 10.0.40219.1
Project("{FAE04EC0-301F-11D3-BF4B-00C04F79EFBC}") = "WinKeyInfo", "WinKeyInfo\WinKeyInfo.csproj", "{D617BC4B-A027-4186-8142-8BC10B9C7BEA}"
EndProject
Global
	GlobalSection(SolutionConfigurationPlatforms) = preSolution
		Debug|Any CPU = Debug|Any CPU
		Release|Any CPU = Release|Any CPU
	EndGlobalSection
	GlobalSection(ProjectConfigurationPlatforms) = postSolution
		{D617BC4B-A027-4186-8142-8BC10B9C7BEA}.Debug|Any CPU.ActiveCfg = Debug|Any CPU
		{D617BC4B-A027-4186-8142-8BC10B9C7BEA}.Debug|Any CPU.Build.0 = Debug|Any CPU
		{D617BC4B-A027-4186-8142-8BC10B9C7BEA}.Release|Any CPU.ActiveCfg = Release|Any CPU
		{D617BC4B-A027-4186-8142-8BC10B9C7BEA}.Release|Any CPU.Build.0 = Release|Any CPU
	EndGlobalSection
	GlobalSection(SolutionProperties) = preSolution
		HideSolutionNode = FALSE
	EndGlobalSection
	GlobalSection(ExtensibilityGlobals) = postSolution
		SolutionGuid = {0FFDD38E-73E4-4463-88BD-BB1E4354772B}
	EndGlobalSection
EndGlobal
